<Solution>
  <Folder Name="/Solution Items/">
    <File Path=".gitignore" />
  </Folder>
  <Project Path="chat.api/chat.api.csproj" />
  <Project Path="Foundation.Business/Foundation.Business.csproj" Id="f4ca08e7-4faa-4abf-8c11-21c79d85342b" />
  <Project Path="Foundation.Models/Foundation.Models.csproj" Id="d7bba349-a194-4cd1-844e-8919a8b8ad5d" />
  <Project Path="Notification/Notification.csproj" Id="12276797-5d1b-49c1-94c0-b345d01efcb0" />
</Solution>
